<Solution>
  <Folder Name="/Elementos de la solución/">
    <File Path="migrations.txt" />
    <File Path="readme.md" />
  </Folder>
  <Project Path="Brumak-Auth/Brumak-Auth.csproj" />
  <Project Path="Brumak-Client/Brumak-Client.csproj" />
  <Project Path="Brumak-ORM/Brumak-ORM.csproj" Id="1e5d5c34-ebf9-4302-a00a-21146ca36afd" />
  <Project Path="Brumak-Shared/Brumak-Shared.csproj" />
  <Project Path="Brumak-World/Brumak-World.csproj" />
</Solution>
